
Microsoft Visual Studio Solution File, Format Version 12.00
# Visual Studio Version 17
VisualStudioVersion = 17.0.31919.166
MinimumVisualStudioVersion = 10.0.40219.1
Project("{9A19103F-16F7-4668-BE54-9A1E7A4F7556}") = "TSParser", "TSParser\TSParser.csproj", "{28DF1A67-F342-49E7-9D0D-F3D0C2700E75}"
EndProject
Project("{2150E333-8FDC-42A3-9474-1A3956D46DE8}") = "Solution Items", "Solution Items", "{4A9235C1-18F8-4B2E-A720-F27350511447}"
	ProjectSection(SolutionItems) = preProject
		.editorconfig = .editorconfig
		Readme.md = Readme.md
	EndProjectSection
EndProject
Project("{9A19103F-16F7-4668-BE54-9A1E7A4F7556}") = "AppTest", "AppTest\AppTest.csproj", "{0C6A75AC-B21B-4B44-9766-734634690AD6}"
EndProject
Project("{9A19103F-16F7-4668-BE54-9A1E7A4F7556}") = "StreamParser", "StreamParser\StreamParser.csproj", "{669194CA-86E3-4781-94D6-C6CAC76B8694}"
EndProject
Project("{FAE04EC0-301F-11D3-BF4B-00C04F79EFBC}") = "TSParser.Tests", "TSParser.Tests\TSParser.Tests.csproj", "{92665F02-E067-40ED-8877-86DCA2AC9A36}"
EndProject
Global
	GlobalSection(SolutionConfigurationPlatforms) = preSolution
		Debug|Any CPU = Debug|Any CPU
		Release|Any CPU = Release|Any CPU
	EndGlobalSection
	GlobalSection(ProjectConfigurationPlatforms) = postSolution
		{28DF1A67-F342-49E7-9D0D-F3D0C2700E75}.Debug|Any CPU.ActiveCfg = Debug|Any CPU
		{28DF1A67-F342-49E7-9D0D-F3D0C2700E75}.Debug|Any CPU.Build.0 = Debug|Any CPU
		{28DF1A67-F342-49E7-9D0D-F3D0C2700E75}.Release|Any CPU.ActiveCfg = Release|Any CPU
		{28DF1A67-F342-49E7-9D0D-F3D0C2700E75}.Release|Any CPU.Build.0 = Release|Any CPU
		{0C6A75AC-B21B-4B44-9766-734634690AD6}.Debug|Any CPU.ActiveCfg = Debug|Any CPU
		{0C6A75AC-B21B-4B44-9766-734634690AD6}.Debug|Any CPU.Build.0 = Debug|Any CPU
		{0C6A75AC-B21B-4B44-9766-734634690AD6}.Release|Any CPU.ActiveCfg = Release|Any CPU
		{0C6A75AC-B21B-4B44-9766-734634690AD6}.Release|Any CPU.Build.0 = Release|Any CPU
		{669194CA-86E3-4781-94D6-C6CAC76B8694}.Debug|Any CPU.ActiveCfg = Debug|Any CPU
		{669194CA-86E3-4781-94D6-C6CAC76B8694}.Debug|Any CPU.Build.0 = Debug|Any CPU
		{669194CA-86E3-4781-94D6-C6CAC76B8694}.Release|Any CPU.ActiveCfg = Release|Any CPU
		{669194CA-86E3-4781-94D6-C6CAC76B8694}.Release|Any CPU.Build.0 = Release|Any CPU
		{92665F02-E067-40ED-8877-86DCA2AC9A36}.Debug|Any CPU.ActiveCfg = Debug|Any CPU
		{92665F02-E067-40ED-8877-86DCA2AC9A36}.Debug|Any CPU.Build.0 = Debug|Any CPU
		{92665F02-E067-40ED-8877-86DCA2AC9A36}.Release|Any CPU.ActiveCfg = Release|Any CPU
		{92665F02-E067-40ED-8877-86DCA2AC9A36}.Release|Any CPU.Build.0 = Release|Any CPU
	EndGlobalSection
	GlobalSection(SolutionProperties) = preSolution
		HideSolutionNode = FALSE
	EndGlobalSection
	GlobalSection(ExtensibilityGlobals) = postSolution
		SolutionGuid = {525C3D5A-5357-458F-BF20-A76722E12FD4}
	EndGlobalSection
EndGlobal
